
Microsoft Visual Studio Solution File, Format Version 12.00
# Visual Studio Version 16
VisualStudioVersion = 16.0.34301.259
MinimumVisualStudioVersion = 10.0.40219.1
Project("{FAE04EC0-301F-11D3-BF4B-00C04F79EFBC}") = "ERPSystems", "ERPSystems\ERPSystems.csproj", "{3A52BEB1-1D79-4BD5-917C-4739CDBE30C3}"
EndProject
Global
	GlobalSection(SolutionConfigurationPlatforms) = preSolution
		Debug|Any CPU = Debug|Any CPU
		Release|Any CPU = Release|Any CPU
	EndGlobalSection
	GlobalSection(ProjectConfigurationPlatforms) = postSolution
		{3A52BEB1-1D79-4BD5-917C-4739CDBE30C3}.Debug|Any CPU.ActiveCfg = Debug|Any CPU
		{3A52BEB1-1D79-4BD5-917C-4739CDBE30C3}.Debug|Any CPU.Build.0 = Debug|Any CPU
		{3A52BEB1-1D79-4BD5-917C-4739CDBE30C3}.Release|Any CPU.ActiveCfg = Release|Any CPU
		{3A52BEB1-1D79-4BD5-917C-4739CDBE30C3}.Release|Any CPU.Build.0 = Release|Any CPU
	EndGlobalSection
	GlobalSection(SolutionProperties) = preSolution
		HideSolutionNode = FALSE
	EndGlobalSection
	GlobalSection(ExtensibilityGlobals) = postSolution
		SolutionGuid = {F237AFA0-892C-4CA0-98B7-13E6C5E32598}
	EndGlobalSection
EndGlobal
